
Microsoft Visual Studio Solution File, Format Version 12.00
# Visual Studio 15
VisualStudioVersion = 15.0.27428.2005
MinimumVisualStudioVersion = 10.0.40219.1
Project("{FAE04EC0-301F-11D3-BF4B-00C04F79EFBC}") = "ConsoleApp1", "ConsoleApp1\ConsoleApp1.csproj", "{3E1A38F9-3A17-48FD-A859-D018C2997A2D}"
EndProject
Global
	GlobalSection(SolutionConfigurationPlatforms) = preSolution
		Debug|Any CPU = Debug|Any CPU
		Release|Any CPU = Release|Any CPU
	EndGlobalSection
	GlobalSection(ProjectConfigurationPlatforms) = postSolution
		{3E1A38F9-3A17-48FD-A859-D018C2997A2D}.Debug|Any CPU.ActiveCfg = Debug|Any CPU
		{3E1A38F9-3A17-48FD-A859-D018C2997A2D}.Debug|Any CPU.Build.0 = Debug|Any CPU
		{3E1A38F9-3A17-48FD-A859-D018C2997A2D}.Release|Any CPU.ActiveCfg = Release|Any CPU
		{3E1A38F9-3A17-48FD-A859-D018C2997A2D}.Release|Any CPU.Build.0 = Release|Any CPU
	EndGlobalSection
	GlobalSection(SolutionProperties) = preSolution
		HideSolutionNode = FALSE
	EndGlobalSection
	GlobalSection(ExtensibilityGlobals) = postSolution
		SolutionGuid = {540547AC-1996-4FB0-8B6E-264E3740324C}
	EndGlobalSection
EndGlobal
